
Microsoft Visual Studio Solution File, Format Version 12.00
# Visual Studio 2015
Project("{FAE04EC0-301F-11D3-BF4B-00C04F79EFBC}") = "WaiterRobot.CSharp.Plugins", "WaiterRobot.CSharp.Plugins.csproj", "{AA6744E8-9DE8-2631-7E78-2594A969031C}"
EndProject
Project("{FAE04EC0-301F-11D3-BF4B-00C04F79EFBC}") = "WaiterRobot.CSharp", "WaiterRobot.CSharp.csproj", "{95DD78D9-BAFF-02BD-029A-1B7A92881691}"
EndProject
Global
	GlobalSection(SolutionConfigurationPlatforms) = preSolution
		Debug|Any CPU = Debug|Any CPU
		Release|Any CPU = Release|Any CPU
	EndGlobalSection
	GlobalSection(ProjectConfigurationPlatforms) = postSolution
		{AA6744E8-9DE8-2631-7E78-2594A969031C}.Debug|Any CPU.ActiveCfg = Debug|Any CPU
		{AA6744E8-9DE8-2631-7E78-2594A969031C}.Debug|Any CPU.Build.0 = Debug|Any CPU
		{AA6744E8-9DE8-2631-7E78-2594A969031C}.Release|Any CPU.ActiveCfg = Release|Any CPU
		{AA6744E8-9DE8-2631-7E78-2594A969031C}.Release|Any CPU.Build.0 = Release|Any CPU
		{95DD78D9-BAFF-02BD-029A-1B7A92881691}.Debug|Any CPU.ActiveCfg = Debug|Any CPU
		{95DD78D9-BAFF-02BD-029A-1B7A92881691}.Debug|Any CPU.Build.0 = Debug|Any CPU
		{95DD78D9-BAFF-02BD-029A-1B7A92881691}.Release|Any CPU.ActiveCfg = Release|Any CPU
		{95DD78D9-BAFF-02BD-029A-1B7A92881691}.Release|Any CPU.Build.0 = Release|Any CPU
	EndGlobalSection
	GlobalSection(SolutionProperties) = preSolution
		HideSolutionNode = FALSE
	EndGlobalSection
EndGlobal
